
Microsoft Visual Studio Solution File, Format Version 12.00
# Visual Studio Version 17
VisualStudioVersion = 17.5.002.0
MinimumVisualStudioVersion = 10.0.40219.1
Project("{9A19103F-16F7-4668-BE54-9A1E7A4F7556}") = "Morse_Code", "Morse_Code.csproj", "{BF0C77D5-CECF-420A-BAF6-8F4BBB8B89DD}"
EndProject
Global
	GlobalSection(SolutionConfigurationPlatforms) = preSolution
		Debug|Any CPU = Debug|Any CPU
		Release|Any CPU = Release|Any CPU
	EndGlobalSection
	GlobalSection(ProjectConfigurationPlatforms) = postSolution
		{BF0C77D5-CECF-420A-BAF6-8F4BBB8B89DD}.Debug|Any CPU.ActiveCfg = Debug|Any CPU
		{BF0C77D5-CECF-420A-BAF6-8F4BBB8B89DD}.Debug|Any CPU.Build.0 = Debug|Any CPU
		{BF0C77D5-CECF-420A-BAF6-8F4BBB8B89DD}.Release|Any CPU.ActiveCfg = Release|Any CPU
		{BF0C77D5-CECF-420A-BAF6-8F4BBB8B89DD}.Release|Any CPU.Build.0 = Release|Any CPU
	EndGlobalSection
	GlobalSection(SolutionProperties) = preSolution
		HideSolutionNode = FALSE
	EndGlobalSection
	GlobalSection(ExtensibilityGlobals) = postSolution
		SolutionGuid = {B1A3C591-B80F-4928-A15E-98CA48D80869}
	EndGlobalSection
EndGlobal
